
Microsoft Visual Studio Solution File, Format Version 12.00
# Visual Studio Express 2012 for Web
Project("{FAE04EC0-301F-11D3-BF4B-00C04F79EFBC}") = "RandomArray", "RandomArray\RandomArray.csproj", "{9CD3C38A-D0DF-4C2E-B5E0-6F7FAFB5C0BE}"
EndProject
Global
	GlobalSection(SolutionConfigurationPlatforms) = preSolution
		Debug|Any CPU = Debug|Any CPU
		Release|Any CPU = Release|Any CPU
	EndGlobalSection
	GlobalSection(ProjectConfigurationPlatforms) = postSolution
		{9CD3C38A-D0DF-4C2E-B5E0-6F7FAFB5C0BE}.Debug|Any CPU.ActiveCfg = Debug|Any CPU
		{9CD3C38A-D0DF-4C2E-B5E0-6F7FAFB5C0BE}.Debug|Any CPU.Build.0 = Debug|Any CPU
		{9CD3C38A-D0DF-4C2E-B5E0-6F7FAFB5C0BE}.Release|Any CPU.ActiveCfg = Release|Any CPU
		{9CD3C38A-D0DF-4C2E-B5E0-6F7FAFB5C0BE}.Release|Any CPU.Build.0 = Release|Any CPU
	EndGlobalSection
	GlobalSection(SolutionProperties) = preSolution
		HideSolutionNode = FALSE
	EndGlobalSection
EndGlobal
